
Microsoft Visual Studio Solution File, Format Version 10.00
# Visual Studio 2008
Project("{FAE04EC0-301F-11D3-BF4B-00C04F79EFBC}") = "Instalador", "Instalador\Instalador.csproj", "{BC1EB8E5-0946-409C-B46A-89FF8769CC83}"
EndProject
Global
	GlobalSection(SolutionConfigurationPlatforms) = preSolution
		Debug|Any CPU = Debug|Any CPU
		Release|Any CPU = Release|Any CPU
	EndGlobalSection
	GlobalSection(ProjectConfigurationPlatforms) = postSolution
		{BC1EB8E5-0946-409C-B46A-89FF8769CC83}.Debug|Any CPU.ActiveCfg = Debug|Any CPU
		{BC1EB8E5-0946-409C-B46A-89FF8769CC83}.Debug|Any CPU.Build.0 = Debug|Any CPU
		{BC1EB8E5-0946-409C-B46A-89FF8769CC83}.Debug|Any CPU.Deploy.0 = Debug|Any CPU
		{BC1EB8E5-0946-409C-B46A-89FF8769CC83}.Release|Any CPU.ActiveCfg = Release|Any CPU
		{BC1EB8E5-0946-409C-B46A-89FF8769CC83}.Release|Any CPU.Build.0 = Release|Any CPU
		{BC1EB8E5-0946-409C-B46A-89FF8769CC83}.Release|Any CPU.Deploy.0 = Release|Any CPU
	EndGlobalSection
	GlobalSection(SolutionProperties) = preSolution
		HideSolutionNode = FALSE
	EndGlobalSection
EndGlobal
