
Microsoft Visual Studio Solution File, Format Version 10.00
# Visual Studio 2008
Project("{FAE04EC0-301F-11D3-BF4B-00C04F79EFBC}") = "Mvc_Teste", "Mvc_Teste\Mvc_Teste.csproj", "{70BC2A0B-0863-4FAA-9729-7487096FE352}"
EndProject
Project("{FAE04EC0-301F-11D3-BF4B-00C04F79EFBC}") = "ViewHelper", "contribuicoes\View\ViewHelper.csproj", "{C620A12F-4EB9-4B78-8E22-CC5F27CA467B}"
EndProject
Global
	GlobalSection(SolutionConfigurationPlatforms) = preSolution
		Debug|Any CPU = Debug|Any CPU
		Release|Any CPU = Release|Any CPU
	EndGlobalSection
	GlobalSection(ProjectConfigurationPlatforms) = postSolution
		{70BC2A0B-0863-4FAA-9729-7487096FE352}.Debug|Any CPU.ActiveCfg = Debug|Any CPU
		{70BC2A0B-0863-4FAA-9729-7487096FE352}.Debug|Any CPU.Build.0 = Debug|Any CPU
		{70BC2A0B-0863-4FAA-9729-7487096FE352}.Release|Any CPU.ActiveCfg = Release|Any CPU
		{70BC2A0B-0863-4FAA-9729-7487096FE352}.Release|Any CPU.Build.0 = Release|Any CPU
		{C620A12F-4EB9-4B78-8E22-CC5F27CA467B}.Debug|Any CPU.ActiveCfg = Debug|Any CPU
		{C620A12F-4EB9-4B78-8E22-CC5F27CA467B}.Debug|Any CPU.Build.0 = Debug|Any CPU
		{C620A12F-4EB9-4B78-8E22-CC5F27CA467B}.Release|Any CPU.ActiveCfg = Release|Any CPU
		{C620A12F-4EB9-4B78-8E22-CC5F27CA467B}.Release|Any CPU.Build.0 = Release|Any CPU
	EndGlobalSection
	GlobalSection(SolutionProperties) = preSolution
		HideSolutionNode = FALSE
	EndGlobalSection
EndGlobal
