
Microsoft Visual Studio Solution File, Format Version 10.00
# Visual Studio 2008
Project("{FAE04EC0-301F-11D3-BF4B-00C04F79EFBC}") = "WS_ltMbileData", "WS_ltMbileData\WS_ltMbileData.csproj", "{4C5AFA88-F9EC-4A5E-8C7D-FF226C0980A7}"
EndProject
Project("{FAE04EC0-301F-11D3-BF4B-00C04F79EFBC}") = "WS_ltMobile", "WS_ltMobile\WS_ltMobile.csproj", "{D265D9CD-874C-4F50-B5E2-CC358A0F246B}"
EndProject
Project("{FAE04EC0-301F-11D3-BF4B-00C04F79EFBC}") = "LTmobileData", "LTmobileData\LTmobileData.csproj", "{5603808D-2D82-4949-8B0F-AEFE546F2D30}"
EndProject
Project("{FAE04EC0-301F-11D3-BF4B-00C04F79EFBC}") = "LTmobile", "LTmobile\LTmobile.csproj", "{EC2A3005-E700-42FA-893C-87AE31143CEA}"
EndProject
Project("{FAE04EC0-301F-11D3-BF4B-00C04F79EFBC}") = "MobileTools", "..\Contribuicoes\MobileTools\MobileTools\MobileTools.csproj", "{2025E2FB-1F55-453F-BBB3-29367FE971CD}"
EndProject
Project("{B900F1C2-3D47-4FEC-85B3-04AAF18C3634}") = "Instalador_LtMobile", "Instalador_LtMobile\Instalador_LtMobile.vddproj", "{BDAF04CB-18C9-44AD-89CC-5311A5386936}"
EndProject
Global
	GlobalSection(SolutionConfigurationPlatforms) = preSolution
		Debug|Any CPU = Debug|Any CPU
		Release|Any CPU = Release|Any CPU
	EndGlobalSection
	GlobalSection(ProjectConfigurationPlatforms) = postSolution
		{4C5AFA88-F9EC-4A5E-8C7D-FF226C0980A7}.Debug|Any CPU.ActiveCfg = Release|Any CPU
		{4C5AFA88-F9EC-4A5E-8C7D-FF226C0980A7}.Release|Any CPU.ActiveCfg = Release|Any CPU
		{4C5AFA88-F9EC-4A5E-8C7D-FF226C0980A7}.Release|Any CPU.Build.0 = Release|Any CPU
		{D265D9CD-874C-4F50-B5E2-CC358A0F246B}.Debug|Any CPU.ActiveCfg = Release|Any CPU
		{D265D9CD-874C-4F50-B5E2-CC358A0F246B}.Release|Any CPU.ActiveCfg = Release|Any CPU
		{D265D9CD-874C-4F50-B5E2-CC358A0F246B}.Release|Any CPU.Build.0 = Release|Any CPU
		{5603808D-2D82-4949-8B0F-AEFE546F2D30}.Debug|Any CPU.ActiveCfg = Release|Any CPU
		{5603808D-2D82-4949-8B0F-AEFE546F2D30}.Debug|Any CPU.Build.0 = Release|Any CPU
		{5603808D-2D82-4949-8B0F-AEFE546F2D30}.Debug|Any CPU.Deploy.0 = Release|Any CPU
		{5603808D-2D82-4949-8B0F-AEFE546F2D30}.Release|Any CPU.ActiveCfg = Release|Any CPU
		{5603808D-2D82-4949-8B0F-AEFE546F2D30}.Release|Any CPU.Build.0 = Release|Any CPU
		{EC2A3005-E700-42FA-893C-87AE31143CEA}.Debug|Any CPU.ActiveCfg = Debug|Any CPU
		{EC2A3005-E700-42FA-893C-87AE31143CEA}.Debug|Any CPU.Build.0 = Debug|Any CPU
		{EC2A3005-E700-42FA-893C-87AE31143CEA}.Debug|Any CPU.Deploy.0 = Debug|Any CPU
		{EC2A3005-E700-42FA-893C-87AE31143CEA}.Release|Any CPU.ActiveCfg = Release|Any CPU
		{EC2A3005-E700-42FA-893C-87AE31143CEA}.Release|Any CPU.Build.0 = Release|Any CPU
		{EC2A3005-E700-42FA-893C-87AE31143CEA}.Release|Any CPU.Deploy.0 = Release|Any CPU
		{2025E2FB-1F55-453F-BBB3-29367FE971CD}.Debug|Any CPU.ActiveCfg = Debug|Any CPU
		{2025E2FB-1F55-453F-BBB3-29367FE971CD}.Debug|Any CPU.Build.0 = Debug|Any CPU
		{2025E2FB-1F55-453F-BBB3-29367FE971CD}.Release|Any CPU.ActiveCfg = Release|Any CPU
		{2025E2FB-1F55-453F-BBB3-29367FE971CD}.Release|Any CPU.Build.0 = Release|Any CPU
		{BDAF04CB-18C9-44AD-89CC-5311A5386936}.Debug|Any CPU.ActiveCfg = Debug
		{BDAF04CB-18C9-44AD-89CC-5311A5386936}.Release|Any CPU.ActiveCfg = Release
	EndGlobalSection
	GlobalSection(SolutionProperties) = preSolution
		HideSolutionNode = FALSE
	EndGlobalSection
EndGlobal
