
Microsoft Visual Studio Solution File, Format Version 10.00
# Visual Studio 2008
Project("{E24C65DC-7377-472B-9ABA-BC803B73C61A}") = "Site", ".", "{42BAF9FB-DB3F-42C0-BEA9-EDE182800FC4}"
	ProjectSection(WebsiteProperties) = preProject
		TargetFramework = "3.5"
		ProjectReferences = "{DF38D694-3A81-4398-BC68-A22C47E92893}|Data.dll;{0BBDD007-5F41-4E48-8D41-87C904075AB1}|Data.dll;{70A6FDDA-FC32-4A85-A0DC-C668B80779F1}|GeraBase.dll;"
		Debug.AspNetCompiler.VirtualPath = "/WebSite"
		Debug.AspNetCompiler.PhysicalPath = "..\Site\"
		Debug.AspNetCompiler.TargetPath = "PrecompiledWeb\WebSite\"
		Debug.AspNetCompiler.Updateable = "true"
		Debug.AspNetCompiler.ForceOverwrite = "true"
		Debug.AspNetCompiler.FixedNames = "false"
		Debug.AspNetCompiler.Debug = "True"
		Release.AspNetCompiler.VirtualPath = "/WebSite"
		Release.AspNetCompiler.PhysicalPath = "..\Site\"
		Release.AspNetCompiler.TargetPath = "PrecompiledWeb\WebSite\"
		Release.AspNetCompiler.Updateable = "true"
		Release.AspNetCompiler.ForceOverwrite = "true"
		Release.AspNetCompiler.FixedNames = "false"
		Release.AspNetCompiler.Debug = "False"
		VWDPort = "3669"
	EndProjectSection
EndProject
Project("{FAE04EC0-301F-11D3-BF4B-00C04F79EFBC}") = "Data", "..\Data\Data.csproj", "{0BBDD007-5F41-4E48-8D41-87C904075AB1}"
EndProject
Project("{FAE04EC0-301F-11D3-BF4B-00C04F79EFBC}") = "GeraBase", "..\GeraBase\GeraBase.csproj", "{70A6FDDA-FC32-4A85-A0DC-C668B80779F1}"
EndProject
Global
	GlobalSection(SolutionConfigurationPlatforms) = preSolution
		Debug|Any CPU = Debug|Any CPU
		Release|Any CPU = Release|Any CPU
	EndGlobalSection
	GlobalSection(ProjectConfigurationPlatforms) = postSolution
		{42BAF9FB-DB3F-42C0-BEA9-EDE182800FC4}.Debug|Any CPU.ActiveCfg = Debug|Any CPU
		{42BAF9FB-DB3F-42C0-BEA9-EDE182800FC4}.Debug|Any CPU.Build.0 = Debug|Any CPU
		{42BAF9FB-DB3F-42C0-BEA9-EDE182800FC4}.Release|Any CPU.ActiveCfg = Debug|Any CPU
		{42BAF9FB-DB3F-42C0-BEA9-EDE182800FC4}.Release|Any CPU.Build.0 = Debug|Any CPU
		{0BBDD007-5F41-4E48-8D41-87C904075AB1}.Debug|Any CPU.ActiveCfg = Debug|Any CPU
		{0BBDD007-5F41-4E48-8D41-87C904075AB1}.Debug|Any CPU.Build.0 = Debug|Any CPU
		{0BBDD007-5F41-4E48-8D41-87C904075AB1}.Release|Any CPU.ActiveCfg = Release|Any CPU
		{0BBDD007-5F41-4E48-8D41-87C904075AB1}.Release|Any CPU.Build.0 = Release|Any CPU
		{70A6FDDA-FC32-4A85-A0DC-C668B80779F1}.Debug|Any CPU.ActiveCfg = Debug|Any CPU
		{70A6FDDA-FC32-4A85-A0DC-C668B80779F1}.Debug|Any CPU.Build.0 = Debug|Any CPU
		{70A6FDDA-FC32-4A85-A0DC-C668B80779F1}.Release|Any CPU.ActiveCfg = Release|Any CPU
		{70A6FDDA-FC32-4A85-A0DC-C668B80779F1}.Release|Any CPU.Build.0 = Release|Any CPU
	EndGlobalSection
	GlobalSection(SolutionProperties) = preSolution
		HideSolutionNode = FALSE
	EndGlobalSection
EndGlobal
